
Microsoft Visual Studio Solution File, Format Version 12.00
# Visual Studio 15
VisualStudioVersion = 15.0.27428.1
MinimumVisualStudioVersion = 10.0.40219.1
Project("{9A19103F-16F7-4668-BE54-9A1E7A4F7556}") = "spantest", "spantest.csproj", "{7F0CA3C7-E2A1-4164-A267-40C652D72552}"
EndProject
Global
	GlobalSection(SolutionConfigurationPlatforms) = preSolution
		Debug|Any CPU = Debug|Any CPU
		Release|Any CPU = Release|Any CPU
	EndGlobalSection
	GlobalSection(ProjectConfigurationPlatforms) = postSolution
		{7F0CA3C7-E2A1-4164-A267-40C652D72552}.Debug|Any CPU.ActiveCfg = Debug|Any CPU
		{7F0CA3C7-E2A1-4164-A267-40C652D72552}.Debug|Any CPU.Build.0 = Debug|Any CPU
		{7F0CA3C7-E2A1-4164-A267-40C652D72552}.Release|Any CPU.ActiveCfg = Release|Any CPU
		{7F0CA3C7-E2A1-4164-A267-40C652D72552}.Release|Any CPU.Build.0 = Release|Any CPU
	EndGlobalSection
	GlobalSection(SolutionProperties) = preSolution
		HideSolutionNode = FALSE
	EndGlobalSection
	GlobalSection(ExtensibilityGlobals) = postSolution
		SolutionGuid = {107BEF94-E0AB-49AF-8A42-C49912CD2A9F}
	EndGlobalSection
EndGlobal
